
Microsoft Visual Studio Solution File, Format Version 12.00
# Visual Studio Version 17
VisualStudioVersion = 17.12.35521.163
MinimumVisualStudioVersion = 10.0.40219.1
Project("{2150E333-8FDC-42A3-9474-1A3956D46DE8}") = "Domain", "Domain", "{9D9BB270-01E3-415E-91D0-DDA54E62C401}"
EndProject
Project("{2150E333-8FDC-42A3-9474-1A3956D46DE8}") = "Infra.Bus", "Infra.Bus", "{0E9D26E5-EBAF-4FE4-8FA9-D28610AE6C73}"
EndProject
Project("{2150E333-8FDC-42A3-9474-1A3956D46DE8}") = "Microservices", "Microservices", "{E6E0390A-43AE-4DF2-95F6-BFE27B372499}"
EndProject
Project("{2150E333-8FDC-42A3-9474-1A3956D46DE8}") = "Infra.IoC", "Infra.IoC", "{F8353DC9-AADA-4238-8649-790686BA26D5}"
EndProject
Project("{2150E333-8FDC-42A3-9474-1A3956D46DE8}") = "Presentation", "Presentation", "{8C6F1EC4-53C8-4478-8A6C-2C5FE46FAF45}"
EndProject
Project("{FAE04EC0-301F-11D3-BF4B-00C04F79EFBC}") = "OrderRabbitMQ.Domain.Core", "OrderRabbitMQ.Domain.Core\OrderRabbitMQ.Domain.Core.csproj", "{0B0581E6-2EA6-4695-80DB-15F4F5C1C92A}"
EndProject
Project("{FAE04EC0-301F-11D3-BF4B-00C04F79EFBC}") = "OrderRabbitMQ.Infra.Bus", "OrderRabbitMQ.Infra.Bus\OrderRabbitMQ.Infra.Bus.csproj", "{5F821930-5E04-4276-A48E-3A92F9A1C6EE}"
	ProjectSection(ProjectDependencies) = postProject
		{0B0581E6-2EA6-4695-80DB-15F4F5C1C92A} = {0B0581E6-2EA6-4695-80DB-15F4F5C1C92A}
	EndProjectSection
EndProject
Project("{FAE04EC0-301F-11D3-BF4B-00C04F79EFBC}") = "OrderRabbitMQ.Infra.IoC", "OrderRabbitMQ.Infra.IoC\OrderRabbitMQ.Infra.IoC.csproj", "{AA00159E-95AC-4997-B0CF-0D5172D3967E}"
	ProjectSection(ProjectDependencies) = postProject
		{5F821930-5E04-4276-A48E-3A92F9A1C6EE} = {5F821930-5E04-4276-A48E-3A92F9A1C6EE}
	EndProjectSection
EndProject
Project("{2150E333-8FDC-42A3-9474-1A3956D46DE8}") = "Order", "Order", "{6EE2A481-A274-4C36-B957-CDFF0260A31F}"
EndProject
Project("{2150E333-8FDC-42A3-9474-1A3956D46DE8}") = "Api", "Api", "{068DEB58-7C34-453F-9965-8A61C5641760}"
EndProject
Project("{2150E333-8FDC-42A3-9474-1A3956D46DE8}") = "Application", "Application", "{15BF68B3-3256-4B2A-B956-C18B1692D7D4}"
EndProject
Project("{2150E333-8FDC-42A3-9474-1A3956D46DE8}") = "Data", "Data", "{19ECE346-1DDD-4AEE-8566-043C70D6AEF7}"
EndProject
Project("{2150E333-8FDC-42A3-9474-1A3956D46DE8}") = "Domain", "Domain", "{A86319C6-1A45-4A6A-8194-EBA7D348E2B8}"
EndProject
Project("{FAE04EC0-301F-11D3-BF4B-00C04F79EFBC}") = "OrderRabbitMQ.Order.Api", "OrderRabbitMQ.Authorization.Api\OrderRabbitMQ.Order.Api.csproj", "{3D7AA490-62C3-4CEC-8B75-42B17BBCCB5B}"
EndProject
Project("{FAE04EC0-301F-11D3-BF4B-00C04F79EFBC}") = "OrderRabbitMQ.Order.Data", "OrderRabbitMQ.Authorization.Data\OrderRabbitMQ.Order.Data.csproj", "{C1BD2CB2-32E4-4216-B11B-00E1D329B332}"
	ProjectSection(ProjectDependencies) = postProject
		{5A6C28C9-C68E-4966-AD26-BFA891B54095} = {5A6C28C9-C68E-4966-AD26-BFA891B54095}
	EndProjectSection
EndProject
Project("{FAE04EC0-301F-11D3-BF4B-00C04F79EFBC}") = "OrderRabbitMQ.Order.Domain", "OrderRabbitMQ.Authorization.Domain\OrderRabbitMQ.Order.Domain.csproj", "{5A6C28C9-C68E-4966-AD26-BFA891B54095}"
EndProject
Project("{FAE04EC0-301F-11D3-BF4B-00C04F79EFBC}") = "OrderRabbitMQ.Order.Application", "OrderRabbitMQ.Authorization.Application\OrderRabbitMQ.Order.Application.csproj", "{C5C94B2C-E33D-45B3-B194-C25ED37B2164}"
EndProject
Global
	GlobalSection(SolutionConfigurationPlatforms) = preSolution
		Debug|Any CPU = Debug|Any CPU
		Release|Any CPU = Release|Any CPU
	EndGlobalSection
	GlobalSection(ProjectConfigurationPlatforms) = postSolution
		{0B0581E6-2EA6-4695-80DB-15F4F5C1C92A}.Debug|Any CPU.ActiveCfg = Debug|Any CPU
		{0B0581E6-2EA6-4695-80DB-15F4F5C1C92A}.Debug|Any CPU.Build.0 = Debug|Any CPU
		{0B0581E6-2EA6-4695-80DB-15F4F5C1C92A}.Release|Any CPU.ActiveCfg = Release|Any CPU
		{0B0581E6-2EA6-4695-80DB-15F4F5C1C92A}.Release|Any CPU.Build.0 = Release|Any CPU
		{5F821930-5E04-4276-A48E-3A92F9A1C6EE}.Debug|Any CPU.ActiveCfg = Debug|Any CPU
		{5F821930-5E04-4276-A48E-3A92F9A1C6EE}.Debug|Any CPU.Build.0 = Debug|Any CPU
		{5F821930-5E04-4276-A48E-3A92F9A1C6EE}.Release|Any CPU.ActiveCfg = Release|Any CPU
		{5F821930-5E04-4276-A48E-3A92F9A1C6EE}.Release|Any CPU.Build.0 = Release|Any CPU
		{AA00159E-95AC-4997-B0CF-0D5172D3967E}.Debug|Any CPU.ActiveCfg = Debug|Any CPU
		{AA00159E-95AC-4997-B0CF-0D5172D3967E}.Debug|Any CPU.Build.0 = Debug|Any CPU
		{AA00159E-95AC-4997-B0CF-0D5172D3967E}.Release|Any CPU.ActiveCfg = Release|Any CPU
		{AA00159E-95AC-4997-B0CF-0D5172D3967E}.Release|Any CPU.Build.0 = Release|Any CPU
		{3D7AA490-62C3-4CEC-8B75-42B17BBCCB5B}.Debug|Any CPU.ActiveCfg = Debug|Any CPU
		{3D7AA490-62C3-4CEC-8B75-42B17BBCCB5B}.Debug|Any CPU.Build.0 = Debug|Any CPU
		{3D7AA490-62C3-4CEC-8B75-42B17BBCCB5B}.Release|Any CPU.ActiveCfg = Release|Any CPU
		{3D7AA490-62C3-4CEC-8B75-42B17BBCCB5B}.Release|Any CPU.Build.0 = Release|Any CPU
		{C1BD2CB2-32E4-4216-B11B-00E1D329B332}.Debug|Any CPU.ActiveCfg = Debug|Any CPU
		{C1BD2CB2-32E4-4216-B11B-00E1D329B332}.Debug|Any CPU.Build.0 = Debug|Any CPU
		{C1BD2CB2-32E4-4216-B11B-00E1D329B332}.Release|Any CPU.ActiveCfg = Release|Any CPU
		{C1BD2CB2-32E4-4216-B11B-00E1D329B332}.Release|Any CPU.Build.0 = Release|Any CPU
		{5A6C28C9-C68E-4966-AD26-BFA891B54095}.Debug|Any CPU.ActiveCfg = Debug|Any CPU
		{5A6C28C9-C68E-4966-AD26-BFA891B54095}.Debug|Any CPU.Build.0 = Debug|Any CPU
		{5A6C28C9-C68E-4966-AD26-BFA891B54095}.Release|Any CPU.ActiveCfg = Release|Any CPU
		{5A6C28C9-C68E-4966-AD26-BFA891B54095}.Release|Any CPU.Build.0 = Release|Any CPU
		{C5C94B2C-E33D-45B3-B194-C25ED37B2164}.Debug|Any CPU.ActiveCfg = Debug|Any CPU
		{C5C94B2C-E33D-45B3-B194-C25ED37B2164}.Debug|Any CPU.Build.0 = Debug|Any CPU
		{C5C94B2C-E33D-45B3-B194-C25ED37B2164}.Release|Any CPU.ActiveCfg = Release|Any CPU
		{C5C94B2C-E33D-45B3-B194-C25ED37B2164}.Release|Any CPU.Build.0 = Release|Any CPU
	EndGlobalSection
	GlobalSection(SolutionProperties) = preSolution
		HideSolutionNode = FALSE
	EndGlobalSection
	GlobalSection(NestedProjects) = preSolution
		{0B0581E6-2EA6-4695-80DB-15F4F5C1C92A} = {9D9BB270-01E3-415E-91D0-DDA54E62C401}
		{5F821930-5E04-4276-A48E-3A92F9A1C6EE} = {0E9D26E5-EBAF-4FE4-8FA9-D28610AE6C73}
		{AA00159E-95AC-4997-B0CF-0D5172D3967E} = {F8353DC9-AADA-4238-8649-790686BA26D5}
		{6EE2A481-A274-4C36-B957-CDFF0260A31F} = {E6E0390A-43AE-4DF2-95F6-BFE27B372499}
		{068DEB58-7C34-453F-9965-8A61C5641760} = {6EE2A481-A274-4C36-B957-CDFF0260A31F}
		{15BF68B3-3256-4B2A-B956-C18B1692D7D4} = {6EE2A481-A274-4C36-B957-CDFF0260A31F}
		{19ECE346-1DDD-4AEE-8566-043C70D6AEF7} = {6EE2A481-A274-4C36-B957-CDFF0260A31F}
		{A86319C6-1A45-4A6A-8194-EBA7D348E2B8} = {6EE2A481-A274-4C36-B957-CDFF0260A31F}
		{3D7AA490-62C3-4CEC-8B75-42B17BBCCB5B} = {068DEB58-7C34-453F-9965-8A61C5641760}
		{C1BD2CB2-32E4-4216-B11B-00E1D329B332} = {19ECE346-1DDD-4AEE-8566-043C70D6AEF7}
		{5A6C28C9-C68E-4966-AD26-BFA891B54095} = {A86319C6-1A45-4A6A-8194-EBA7D348E2B8}
		{C5C94B2C-E33D-45B3-B194-C25ED37B2164} = {15BF68B3-3256-4B2A-B956-C18B1692D7D4}
	EndGlobalSection
EndGlobal
